// !$*UTF8*$!
{
	archiveVersion = 1;
	classes = {
	};
	objectVersion = 77;
	objects = {

/* Begin PBXBuildFile section */
		BB2703A12E0AFCEF00A5F9A4 /* Assets.xcassets in Resources */ = {isa = PBXBuildFile; fileRef = BB27039C2E0AFCEF00A5F9A4 /* Assets.xcassets */; };
		BB2703A22E0AFCEF00A5F9A4 /* VideoFeedAppApp.swift in Sources */ = {isa = PBXBuildFile; fileRef = BB2703912E0AFCEF00A5F9A4 /* VideoFeedAppApp.swift */; };
		BB2703A32E0AFCEF00A5F9A4 /* VideoFeedView.swift in Sources */ = {isa = PBXBuildFile; fileRef = BB2703982E0AFCEF00A5F9A4 /* VideoFeedView.swift */; };
		BB2703A82E0C1AE700A5F9A4 /* AppRootView.swift in Sources */ = {isa = PBXBuildFile; fileRef = BB2703A72E0C1AE700A5F9A4 /* AppRootView.swift */; };
		BB2703AA2E0C1B1F00A5F9A4 /* VideoFeedCoordinator.swift in Sources */ = {isa = PBXBuildFile; fileRef = BB2703A92E0C1B1F00A5F9A4 /* VideoFeedCoordinator.swift */; };
		BB2703AC2E0C1B4B00A5F9A4 /* VideoFeedViewModel.swift in Sources */ = {isa = PBXBuildFile; fileRef = BB2703AB2E0C1B4B00A5F9A4 /* VideoFeedViewModel.swift */; };
		BB2703AF2E0C1B8700A5F9A4 /* Navigating.swift in Sources */ = {isa = PBXBuildFile; fileRef = BB2703AE2E0C1B8700A5F9A4 /* Navigating.swift */; };
		BB2703B22E0C1C2400A5F9A4 /* DependencyContainer.swift in Sources */ = {isa = PBXBuildFile; fileRef = BB2703B12E0C1C2400A5F9A4 /* DependencyContainer.swift */; };
		BB2703C42E0C20A100A5F9A4 /* Networking in Frameworks */ = {isa = PBXBuildFile; productRef = BB2703C22E0C20A100A5F9A4 /* Networking */; };
		BB2703C52E0C20A100A5F9A4 /* Networking in Frameworks */ = {isa = PBXBuildFile; productRef = BB2703C32E0C20A100A5F9A4 /* Networking */; };
		BB58B4842E0DF3600073530D /* ErrorView.swift in Sources */ = {isa = PBXBuildFile; fileRef = BB58B4832E0DF3600073530D /* ErrorView.swift */; };
		BB58B4862E0DF3750073530D /* ErrorViewModel.swift in Sources */ = {isa = PBXBuildFile; fileRef = BB58B4852E0DF3750073530D /* ErrorViewModel.swift */; };
		BB58B4882E0DFB380073530D /* VideoFeedActionView.swift in Sources */ = {isa = PBXBuildFile; fileRef = BB58B4872E0DFB380073530D /* VideoFeedActionView.swift */; };
		BB58B48A2E0DFD310073530D /* VideoFeedAvatarView.swift in Sources */ = {isa = PBXBuildFile; fileRef = BB58B4892E0DFD310073530D /* VideoFeedAvatarView.swift */; };
		BBDDA7A12E0C9500001FB4E4 /* VideoFeedAPIService.swift in Sources */ = {isa = PBXBuildFile; fileRef = BBDDA7A22E0C9500001FB4E4 /* VideoFeedAPIService.swift */; };
		BBDDA7A22E0C9D90001FB4E4 /* VideoFeedMockDataManager.swift in Sources */ = {isa = PBXBuildFile; fileRef = BBDDA7A12E0C9D90001FB4E4 /* VideoFeedMockDataManager.swift */; };
		BBDDA7A32E0C9600001FB4E4 /* video_feed_mock.json in Resources */ = {isa = PBXBuildFile; fileRef = BBDDA7A42E0C9600001FB4E4 /* video_feed_mock.json */; };
		BBDDA7A72E0C9700001FB4E4 /* APIConfiguration.swift in Sources */ = {isa = PBXBuildFile; fileRef = BBDDA7A82E0C9700001FB4E4 /* APIConfiguration.swift */; };
		BBDDA7A72E0CA0FA001FB4E4 /* FetchVideoFeedUseCase.swift in Sources */ = {isa = PBXBuildFile; fileRef = BBDDA7A62E0CA0FA001FB4E4 /* FetchVideoFeedUseCase.swift */; };
		BBDDA7AA2E0C9900001FB4E4 /* Video.swift in Sources */ = {isa = PBXBuildFile; fileRef = BBDDA7AB2E0C9900001FB4E4 /* Video.swift */; };
		BBDDA7AC2E0C9900001FB4E4 /* Creator.swift in Sources */ = {isa = PBXBuildFile; fileRef = BBDDA7AD2E0C9900001FB4E4 /* Creator.swift */; };
		BBDDA7AD2E0D4D4D001FB4E4 /* VideoDTO.swift in Sources */ = {isa = PBXBuildFile; fileRef = BBDDA7AC2E0D4D4D001FB4E4 /* VideoDTO.swift */; };
		BBDDA7AF2E0D4D63001FB4E4 /* CreatorDTO.swift in Sources */ = {isa = PBXBuildFile; fileRef = BBDDA7AE2E0D4D63001FB4E4 /* CreatorDTO.swift */; };
		BBDDA7B22E0D4EC9001FB4E4 /* AppConstants.swift in Sources */ = {isa = PBXBuildFile; fileRef = BBDDA7B12E0D4EC9001FB4E4 /* AppConstants.swift */; };
		BBDDA7D42E0D80D4001FB4E4 /* MockVideoFeedAPIService.swift in Sources */ = {isa = PBXBuildFile; fileRef = BBDDA7CB2E0D80D4001FB4E4 /* MockVideoFeedAPIService.swift */; };
		BBDDA7D52E0D80D4001FB4E4 /* VideoFeedViewModelTests.swift in Sources */ = {isa = PBXBuildFile; fileRef = BBDDA7CD2E0D80D4001FB4E4 /* VideoFeedViewModelTests.swift */; };
		BBDDA7D92E0D80D4001FB4E4 /* VideoFeedMockDataManagerTests.swift in Sources */ = {isa = PBXBuildFile; fileRef = BBDDA7D02E0D80D4001FB4E4 /* VideoFeedMockDataManagerTests.swift */; };
		BBDDA7DA2E0D80D4001FB4E4 /* VideoFeedAPIServiceTests.swift in Sources */ = {isa = PBXBuildFile; fileRef = BBDDA7CF2E0D80D4001FB4E4 /* VideoFeedAPIServiceTests.swift */; };
		BBDDA7DC2E0D80D4001FB4E4 /* FetchVideoFeedUseCaseTests.swift in Sources */ = {isa = PBXBuildFile; fileRef = BBDDA7C52E0D80D4001FB4E4 /* FetchVideoFeedUseCaseTests.swift */; };
		BBDDA7E22E0D9C26001FB4E4 /* MockNavigator.swift in Sources */ = {isa = PBXBuildFile; fileRef = BBDDA7E12E0D9C26001FB4E4 /* MockNavigator.swift */; };
		BBDDA7E52E0DC2E7001FB4E4 /* VideoPlayerViewModel.swift in Sources */ = {isa = PBXBuildFile; fileRef = BBDDA7E42E0DC2E7001FB4E4 /* VideoPlayerViewModel.swift */; };
		BBDDA7E62E0DC2E7001FB4E4 /* VideoPlayerView.swift in Sources */ = {isa = PBXBuildFile; fileRef = BBDDA7E32E0DC2E7001FB4E4 /* VideoPlayerView.swift */; };
/* End PBXBuildFile section */

/* Begin PBXContainerItemProxy section */
		BB27032B2E0AF44D00A5F9A4 /* PBXContainerItemProxy */ = {
			isa = PBXContainerItemProxy;
			containerPortal = BB2703152E0AF44B00A5F9A4 /* Project object */;
			proxyType = 1;
			remoteGlobalIDString = BB27031C2E0AF44C00A5F9A4;
			remoteInfo = VideoFeedApp;
		};
		BB2703352E0AF44D00A5F9A4 /* PBXContainerItemProxy */ = {
			isa = PBXContainerItemProxy;
			containerPortal = BB2703152E0AF44B00A5F9A4 /* Project object */;
			proxyType = 1;
			remoteGlobalIDString = BB27031C2E0AF44C00A5F9A4;
			remoteInfo = VideoFeedApp;
		};
/* End PBXContainerItemProxy section */

/* Begin PBXFileReference section */
		BB27031D2E0AF44C00A5F9A4 /* VideoFeedApp.app */ = {isa = PBXFileReference; explicitFileType = wrapper.application; includeInIndex = 0; path = VideoFeedApp.app; sourceTree = BUILT_PRODUCTS_DIR; };
		BB27032A2E0AF44D00A5F9A4 /* VideoFeedAppTests.xctest */ = {isa = PBXFileReference; explicitFileType = wrapper.cfbundle; includeInIndex = 0; path = VideoFeedAppTests.xctest; sourceTree = BUILT_PRODUCTS_DIR; };
		BB2703342E0AF44D00A5F9A4 /* VideoFeedAppUITests.xctest */ = {isa = PBXFileReference; explicitFileType = wrapper.cfbundle; includeInIndex = 0; path = VideoFeedAppUITests.xctest; sourceTree = BUILT_PRODUCTS_DIR; };
		BB2703912E0AFCEF00A5F9A4 /* VideoFeedAppApp.swift */ = {isa = PBXFileReference; lastKnownFileType = sourcecode.swift; path = VideoFeedAppApp.swift; sourceTree = "<group>"; };
		BB2703982E0AFCEF00A5F9A4 /* VideoFeedView.swift */ = {isa = PBXFileReference; lastKnownFileType = sourcecode.swift; path = VideoFeedView.swift; sourceTree = "<group>"; };
		BB27039C2E0AFCEF00A5F9A4 /* Assets.xcassets */ = {isa = PBXFileReference; lastKnownFileType = folder.assetcatalog; path = Assets.xcassets; sourceTree = "<group>"; };
		BB2703A72E0C1AE700A5F9A4 /* AppRootView.swift */ = {isa = PBXFileReference; lastKnownFileType = sourcecode.swift; path = AppRootView.swift; sourceTree = "<group>"; };
		BB2703A92E0C1B1F00A5F9A4 /* VideoFeedCoordinator.swift */ = {isa = PBXFileReference; lastKnownFileType = sourcecode.swift; path = VideoFeedCoordinator.swift; sourceTree = "<group>"; };
		BB2703AB2E0C1B4B00A5F9A4 /* VideoFeedViewModel.swift */ = {isa = PBXFileReference; lastKnownFileType = sourcecode.swift; path = VideoFeedViewModel.swift; sourceTree = "<group>"; };
		BB2703AE2E0C1B8700A5F9A4 /* Navigating.swift */ = {isa = PBXFileReference; lastKnownFileType = sourcecode.swift; path = Navigating.swift; sourceTree = "<group>"; };
		BB2703B12E0C1C2400A5F9A4 /* DependencyContainer.swift */ = {isa = PBXFileReference; lastKnownFileType = sourcecode.swift; path = DependencyContainer.swift; sourceTree = "<group>"; };
		BB58B4832E0DF3600073530D /* ErrorView.swift */ = {isa = PBXFileReference; lastKnownFileType = sourcecode.swift; path = ErrorView.swift; sourceTree = "<group>"; };
		BB58B4852E0DF3750073530D /* ErrorViewModel.swift */ = {isa = PBXFileReference; lastKnownFileType = sourcecode.swift; path = ErrorViewModel.swift; sourceTree = "<group>"; };
		BB58B4872E0DFB380073530D /* VideoFeedActionView.swift */ = {isa = PBXFileReference; lastKnownFileType = sourcecode.swift; path = VideoFeedActionView.swift; sourceTree = "<group>"; };
		BB58B4892E0DFD310073530D /* VideoFeedAvatarView.swift */ = {isa = PBXFileReference; lastKnownFileType = sourcecode.swift; path = VideoFeedAvatarView.swift; sourceTree = "<group>"; };
		BBDDA7A12E0C9D90001FB4E4 /* VideoFeedMockDataManager.swift */ = {isa = PBXFileReference; lastKnownFileType = sourcecode.swift; path = VideoFeedMockDataManager.swift; sourceTree = "<group>"; };
		BBDDA7A22E0C9500001FB4E4 /* VideoFeedAPIService.swift */ = {isa = PBXFileReference; lastKnownFileType = sourcecode.swift; path = VideoFeedAPIService.swift; sourceTree = "<group>"; };
		BBDDA7A42E0C9600001FB4E4 /* video_feed_mock.json */ = {isa = PBXFileReference; lastKnownFileType = text.json; path = video_feed_mock.json; sourceTree = "<group>"; };
		BBDDA7A62E0CA0FA001FB4E4 /* FetchVideoFeedUseCase.swift */ = {isa = PBXFileReference; lastKnownFileType = sourcecode.swift; path = FetchVideoFeedUseCase.swift; sourceTree = "<group>"; };
		BBDDA7A82E0C9700001FB4E4 /* APIConfiguration.swift */ = {isa = PBXFileReference; lastKnownFileType = sourcecode.swift; path = APIConfiguration.swift; sourceTree = "<group>"; };
		BBDDA7AB2E0C9900001FB4E4 /* Video.swift */ = {isa = PBXFileReference; lastKnownFileType = sourcecode.swift; path = Video.swift; sourceTree = "<group>"; };
		BBDDA7AC2E0D4D4D001FB4E4 /* VideoDTO.swift */ = {isa = PBXFileReference; lastKnownFileType = sourcecode.swift; path = VideoDTO.swift; sourceTree = "<group>"; };
		BBDDA7AD2E0C9900001FB4E4 /* Creator.swift */ = {isa = PBXFileReference; lastKnownFileType = sourcecode.swift; path = Creator.swift; sourceTree = "<group>"; };
		BBDDA7AE2E0D4D63001FB4E4 /* CreatorDTO.swift */ = {isa = PBXFileReference; lastKnownFileType = sourcecode.swift; path = CreatorDTO.swift; sourceTree = "<group>"; };
		BBDDA7B12E0D4EC9001FB4E4 /* AppConstants.swift */ = {isa = PBXFileReference; lastKnownFileType = sourcecode.swift; path = AppConstants.swift; sourceTree = "<group>"; };
		BBDDA7C52E0D80D4001FB4E4 /* FetchVideoFeedUseCaseTests.swift */ = {isa = PBXFileReference; lastKnownFileType = sourcecode.swift; path = FetchVideoFeedUseCaseTests.swift; sourceTree = "<group>"; };
		BBDDA7CB2E0D80D4001FB4E4 /* MockVideoFeedAPIService.swift */ = {isa = PBXFileReference; lastKnownFileType = sourcecode.swift; path = MockVideoFeedAPIService.swift; sourceTree = "<group>"; };
		BBDDA7CD2E0D80D4001FB4E4 /* VideoFeedViewModelTests.swift */ = {isa = PBXFileReference; lastKnownFileType = sourcecode.swift; path = VideoFeedViewModelTests.swift; sourceTree = "<group>"; };
		BBDDA7CF2E0D80D4001FB4E4 /* VideoFeedAPIServiceTests.swift */ = {isa = PBXFileReference; lastKnownFileType = sourcecode.swift; path = VideoFeedAPIServiceTests.swift; sourceTree = "<group>"; };
		BBDDA7D02E0D80D4001FB4E4 /* VideoFeedMockDataManagerTests.swift */ = {isa = PBXFileReference; lastKnownFileType = sourcecode.swift; path = VideoFeedMockDataManagerTests.swift; sourceTree = "<group>"; };
		BBDDA7E12E0D9C26001FB4E4 /* MockNavigator.swift */ = {isa = PBXFileReference; lastKnownFileType = sourcecode.swift; path = MockNavigator.swift; sourceTree = "<group>"; };
		BBDDA7E32E0DC2E7001FB4E4 /* VideoPlayerView.swift */ = {isa = PBXFileReference; lastKnownFileType = sourcecode.swift; path = VideoPlayerView.swift; sourceTree = "<group>"; };
		BBDDA7E42E0DC2E7001FB4E4 /* VideoPlayerViewModel.swift */ = {isa = PBXFileReference; lastKnownFileType = sourcecode.swift; path = VideoPlayerViewModel.swift; sourceTree = "<group>"; };
/* End PBXFileReference section */

/* Begin PBXFrameworksBuildPhase section */
		BB27031A2E0AF44C00A5F9A4 /* Frameworks */ = {
			isa = PBXFrameworksBuildPhase;
			buildActionMask = 2147483647;
			files = (
				BB2703C42E0C20A100A5F9A4 /* Networking in Frameworks */,
			);
			runOnlyForDeploymentPostprocessing = 0;
		};
		BB2703272E0AF44D00A5F9A4 /* Frameworks */ = {
			isa = PBXFrameworksBuildPhase;
			buildActionMask = 2147483647;
			files = (
				BB2703C52E0C20A100A5F9A4 /* Networking in Frameworks */,
			);
			runOnlyForDeploymentPostprocessing = 0;
		};
		BB2703312E0AF44D00A5F9A4 /* Frameworks */ = {
			isa = PBXFrameworksBuildPhase;
			buildActionMask = 2147483647;
			files = (
			);
			runOnlyForDeploymentPostprocessing = 0;
		};
/* End PBXFrameworksBuildPhase section */

/* Begin PBXGroup section */
		BB2703142E0AF44B00A5F9A4 = {
			isa = PBXGroup;
			children = (
				BB2703A02E0AFCEF00A5F9A4 /* VideoFeedApp */,
				BB2703A52E0AFCF300A5F9A4 /* VideoFeedAppTests */,
				BB27031E2E0AF44C00A5F9A4 /* Products */,
			);
			sourceTree = "<group>";
		};
		BB27031E2E0AF44C00A5F9A4 /* Products */ = {
			isa = PBXGroup;
			children = (
				BB27031D2E0AF44C00A5F9A4 /* VideoFeedApp.app */,
				BB27032A2E0AF44D00A5F9A4 /* VideoFeedAppTests.xctest */,
				BB2703342E0AF44D00A5F9A4 /* VideoFeedAppUITests.xctest */,
			);
			name = Products;
			sourceTree = "<group>";
		};
		BB2703922E0AFCEF00A5F9A4 /* App */ = {
			isa = PBXGroup;
			children = (
				BB2703912E0AFCEF00A5F9A4 /* VideoFeedAppApp.swift */,
				BB2703A72E0C1AE700A5F9A4 /* AppRootView.swift */,
			);
			path = App;
			sourceTree = "<group>";
		};
		BB2703932E0AFCEF00A5F9A4 /* Services */ = {
			isa = PBXGroup;
			children = (
				BBDDA7B32E0D5141001FB4E4 /* Video Feed */,
			);
			path = Services;
			sourceTree = "<group>";
		};
		BB2703952E0AFCEF00A5F9A4 /* Core */ = {
			isa = PBXGroup;
			children = (
				BBDDA7B02E0D4EBE001FB4E4 /* Constants */,
				BB2703B02E0C1C1E00A5F9A4 /* DI */,
				BB2703AD2E0C1B8000A5F9A4 /* Navigating */,
				BB2703932E0AFCEF00A5F9A4 /* Services */,
			);
			path = Core;
			sourceTree = "<group>";
		};
		BB2703962E0AFCEF00A5F9A4 /* Domain */ = {
			isa = PBXGroup;
			children = (
				BBDDA7A52E0CA0ED001FB4E4 /* UseCases */,
				BBDDA7A82E0CA100001FB4E4 /* DOs */,
			);
			path = Domain;
			sourceTree = "<group>";
		};
		BB27039A2E0AFCEF00A5F9A4 /* Video Feed */ = {
			isa = PBXGroup;
			children = (
				BB2703B42E0C1E0F00A5F9A4 /* Presentation */,
				BB2703962E0AFCEF00A5F9A4 /* Domain */,
			);
			path = "Video Feed";
			sourceTree = "<group>";
		};
		BB27039B2E0AFCEF00A5F9A4 /* Features */ = {
			isa = PBXGroup;
			children = (
				BB27039A2E0AFCEF00A5F9A4 /* Video Feed */,
			);
			path = Features;
			sourceTree = "<group>";
		};
		BB27039D2E0AFCEF00A5F9A4 /* Assets */ = {
			isa = PBXGroup;
			children = (
				BB27039C2E0AFCEF00A5F9A4 /* Assets.xcassets */,
			);
			path = Assets;
			sourceTree = "<group>";
		};
		BB27039E2E0AFCEF00A5F9A4 /* Resources */ = {
			isa = PBXGroup;
			children = (
				BB27039D2E0AFCEF00A5F9A4 /* Assets */,
				BBDDA7A92E0C9800001FB4E4 /* MockData */,
			);
			path = Resources;
			sourceTree = "<group>";
		};
		BB2703A02E0AFCEF00A5F9A4 /* VideoFeedApp */ = {
			isa = PBXGroup;
			children = (
				BBDDA79D2E0C9458001FB4E4 /* Shared */,
				BB2703922E0AFCEF00A5F9A4 /* App */,
				BB2703952E0AFCEF00A5F9A4 /* Core */,
				BB27039B2E0AFCEF00A5F9A4 /* Features */,
				BB27039E2E0AFCEF00A5F9A4 /* Resources */,
			);
			path = VideoFeedApp;
			sourceTree = "<group>";
		};
		BB2703A52E0AFCF300A5F9A4 /* VideoFeedAppTests */ = {
			isa = PBXGroup;
			children = (
				BBDDA7DF2E0D9C17001FB4E4 /* Core */,
				BBDDA7DD2E0D81AE001FB4E4 /* Features */,
			);
			path = VideoFeedAppTests;
			sourceTree = "<group>";
		};
		BB2703AD2E0C1B8000A5F9A4 /* Navigating */ = {
			isa = PBXGroup;
			children = (
				BB2703AE2E0C1B8700A5F9A4 /* Navigating.swift */,
			);
			path = Navigating;
			sourceTree = "<group>";
		};
		BB2703B02E0C1C1E00A5F9A4 /* DI */ = {
			isa = PBXGroup;
			children = (
				BB2703B12E0C1C2400A5F9A4 /* DependencyContainer.swift */,
			);
			path = DI;
			sourceTree = "<group>";
		};
		BB2703B42E0C1E0F00A5F9A4 /* Presentation */ = {
			isa = PBXGroup;
			children = (
				BB2703A92E0C1B1F00A5F9A4 /* VideoFeedCoordinator.swift */,
				BB2703AB2E0C1B4B00A5F9A4 /* VideoFeedViewModel.swift */,
				BB2703982E0AFCEF00A5F9A4 /* VideoFeedView.swift */,
				BB58B4872E0DFB380073530D /* VideoFeedActionView.swift */,
				BB58B4892E0DFD310073530D /* VideoFeedAvatarView.swift */,
			);
			path = Presentation;
			sourceTree = "<group>";
		};
		BB58B4822E0DF3300073530D /* Error View */ = {
			isa = PBXGroup;
			children = (
				BB58B4832E0DF3600073530D /* ErrorView.swift */,
				BB58B4852E0DF3750073530D /* ErrorViewModel.swift */,
			);
			path = "Error View";
			sourceTree = "<group>";
		};
		BBDDA79D2E0C9458001FB4E4 /* Shared */ = {
			isa = PBXGroup;
			children = (
				BBDDA7E92E0DE63B001FB4E4 /* Views */,
				BBDDA79F2E0C9466001FB4E4 /* Extensions */,
			);
			path = Shared;
			sourceTree = "<group>";
		};
		BBDDA79F2E0C9466001FB4E4 /* Extensions */ = {
			isa = PBXGroup;
			children = (
			);
			path = Extensions;
			sourceTree = "<group>";
		};
		BBDDA7A52E0CA0ED001FB4E4 /* UseCases */ = {
			isa = PBXGroup;
			children = (
				BBDDA7A62E0CA0FA001FB4E4 /* FetchVideoFeedUseCase.swift */,
			);
			path = UseCases;
			sourceTree = "<group>";
		};
		BBDDA7A82E0CA100001FB4E4 /* DOs */ = {
			isa = PBXGroup;
			children = (
				BBDDA7AB2E0C9900001FB4E4 /* Video.swift */,
				BBDDA7AD2E0C9900001FB4E4 /* Creator.swift */,
			);
			path = DOs;
			sourceTree = "<group>";
		};
		BBDDA7A92E0C9800001FB4E4 /* MockData */ = {
			isa = PBXGroup;
			children = (
				BBDDA7A42E0C9600001FB4E4 /* video_feed_mock.json */,
			);
			path = MockData;
			sourceTree = "<group>";
		};
		BBDDA7AB2E0D4D43001FB4E4 /* DTOs */ = {
			isa = PBXGroup;
			children = (
				BBDDA7AC2E0D4D4D001FB4E4 /* VideoDTO.swift */,
				BBDDA7AE2E0D4D63001FB4E4 /* CreatorDTO.swift */,
			);
			path = DTOs;
			sourceTree = "<group>";
		};
		BBDDA7B02E0D4EBE001FB4E4 /* Constants */ = {
			isa = PBXGroup;
			children = (
				BBDDA7B12E0D4EC9001FB4E4 /* AppConstants.swift */,
			);
			path = Constants;
			sourceTree = "<group>";
		};
		BBDDA7B32E0D5141001FB4E4 /* Video Feed */ = {
			isa = PBXGroup;
			children = (
				BBDDA7A82E0C9700001FB4E4 /* APIConfiguration.swift */,
				BBDDA7A22E0C9500001FB4E4 /* VideoFeedAPIService.swift */,
				BBDDA7A12E0C9D90001FB4E4 /* VideoFeedMockDataManager.swift */,
				BBDDA7AB2E0D4D43001FB4E4 /* DTOs */,
			);
			path = "Video Feed";
			sourceTree = "<group>";
		};
		BBDDA7CC2E0D80D4001FB4E4 /* Mocks */ = {
			isa = PBXGroup;
			children = (
				BBDDA7CB2E0D80D4001FB4E4 /* MockVideoFeedAPIService.swift */,
			);
			path = Mocks;
			sourceTree = "<group>";
		};
		BBDDA7D12E0D80D4001FB4E4 /* Services */ = {
			isa = PBXGroup;
			children = (
				BBDDA7CF2E0D80D4001FB4E4 /* VideoFeedAPIServiceTests.swift */,
				BBDDA7D02E0D80D4001FB4E4 /* VideoFeedMockDataManagerTests.swift */,
				BBDDA7CC2E0D80D4001FB4E4 /* Mocks */,
			);
			path = Services;
			sourceTree = "<group>";
		};
		BBDDA7DD2E0D81AE001FB4E4 /* Features */ = {
			isa = PBXGroup;
			children = (
				BBDDA7DE2E0D81B4001FB4E4 /* Video Feed */,
			);
			path = Features;
			sourceTree = "<group>";
		};
		BBDDA7DE2E0D81B4001FB4E4 /* Video Feed */ = {
			isa = PBXGroup;
			children = (
				BBDDA7CD2E0D80D4001FB4E4 /* VideoFeedViewModelTests.swift */,
				BBDDA7C52E0D80D4001FB4E4 /* FetchVideoFeedUseCaseTests.swift */,
			);
			path = "Video Feed";
			sourceTree = "<group>";
		};
		BBDDA7DF2E0D9C17001FB4E4 /* Core */ = {
			isa = PBXGroup;
			children = (
				BBDDA7D12E0D80D4001FB4E4 /* Services */,
				BBDDA7E02E0D9C1D001FB4E4 /* Mocks */,
			);
			path = Core;
			sourceTree = "<group>";
		};
		BBDDA7E02E0D9C1D001FB4E4 /* Mocks */ = {
			isa = PBXGroup;
			children = (
				BBDDA7E12E0D9C26001FB4E4 /* MockNavigator.swift */,
			);
			path = Mocks;
			sourceTree = "<group>";
		};
		BBDDA7E92E0DE63B001FB4E4 /* Views */ = {
			isa = PBXGroup;
			children = (
				BB58B4822E0DF3300073530D /* Error View */,
				BBDDA7EA2E0DE641001FB4E4 /* Video Player */,
			);
			path = Views;
			sourceTree = "<group>";
		};
		BBDDA7EA2E0DE641001FB4E4 /* Video Player */ = {
			isa = PBXGroup;
			children = (
				BBDDA7E32E0DC2E7001FB4E4 /* VideoPlayerView.swift */,
				BBDDA7E42E0DC2E7001FB4E4 /* VideoPlayerViewModel.swift */,
			);
			path = "Video Player";
			sourceTree = "<group>";
		};
/* End PBXGroup section */

/* Begin PBXNativeTarget section */
		BB27031C2E0AF44C00A5F9A4 /* VideoFeedApp */ = {
			isa = PBXNativeTarget;
			buildConfigurationList = BB27033E2E0AF44D00A5F9A4 /* Build configuration list for PBXNativeTarget "VideoFeedApp" */;
			buildPhases = (
				BB2703192E0AF44C00A5F9A4 /* Sources */,
				BB27031A2E0AF44C00A5F9A4 /* Frameworks */,
				BB27031B2E0AF44C00A5F9A4 /* Resources */,
			);
			buildRules = (
			);
			dependencies = (
			);
			name = VideoFeedApp;
			packageProductDependencies = (
				BB2703C22E0C20A100A5F9A4 /* Networking */,
			);
			productName = VideoFeedApp;
			productReference = BB27031D2E0AF44C00A5F9A4 /* VideoFeedApp.app */;
			productType = "com.apple.product-type.application";
		};
		BB2703292E0AF44D00A5F9A4 /* VideoFeedAppTests */ = {
			isa = PBXNativeTarget;
			buildConfigurationList = BB2703412E0AF44D00A5F9A4 /* Build configuration list for PBXNativeTarget "VideoFeedAppTests" */;
			buildPhases = (
				BB2703262E0AF44D00A5F9A4 /* Sources */,
				BB2703272E0AF44D00A5F9A4 /* Frameworks */,
				BB2703282E0AF44D00A5F9A4 /* Resources */,
			);
			buildRules = (
			);
			dependencies = (
				BB27032C2E0AF44D00A5F9A4 /* PBXTargetDependency */,
			);
			name = VideoFeedAppTests;
			packageProductDependencies = (
				BB2703C32E0C20A100A5F9A4 /* Networking */,
			);
			productName = VideoFeedAppTests;
			productReference = BB27032A2E0AF44D00A5F9A4 /* VideoFeedAppTests.xctest */;
			productType = "com.apple.product-type.bundle.unit-test";
		};
		BB2703332E0AF44D00A5F9A4 /* VideoFeedAppUITests */ = {
			isa = PBXNativeTarget;
			buildConfigurationList = BB2703442E0AF44D00A5F9A4 /* Build configuration list for PBXNativeTarget "VideoFeedAppUITests" */;
			buildPhases = (
				BB2703302E0AF44D00A5F9A4 /* Sources */,
				BB2703312E0AF44D00A5F9A4 /* Frameworks */,
				BB2703322E0AF44D00A5F9A4 /* Resources */,
			);
			buildRules = (
			);
			dependencies = (
				BB2703362E0AF44D00A5F9A4 /* PBXTargetDependency */,
			);
			name = VideoFeedAppUITests;
			packageProductDependencies = (
			);
			productName = VideoFeedAppUITests;
			productReference = BB2703342E0AF44D00A5F9A4 /* VideoFeedAppUITests.xctest */;
			productType = "com.apple.product-type.bundle.ui-testing";
		};
/* End PBXNativeTarget section */

/* Begin PBXProject section */
		BB2703152E0AF44B00A5F9A4 /* Project object */ = {
			isa = PBXProject;
			attributes = {
				BuildIndependentTargetsInParallel = 1;
				LastSwiftUpdateCheck = 1640;
				LastUpgradeCheck = 1640;
				TargetAttributes = {
					BB27031C2E0AF44C00A5F9A4 = {
						CreatedOnToolsVersion = 16.4;
					};
					BB2703292E0AF44D00A5F9A4 = {
						CreatedOnToolsVersion = 16.4;
						TestTargetID = BB27031C2E0AF44C00A5F9A4;
					};
					BB2703332E0AF44D00A5F9A4 = {
						CreatedOnToolsVersion = 16.4;
						TestTargetID = BB27031C2E0AF44C00A5F9A4;
					};
				};
			};
			buildConfigurationList = BB2703182E0AF44B00A5F9A4 /* Build configuration list for PBXProject "VideoFeedApp" */;
			developmentRegion = en;
			hasScannedForEncodings = 0;
			knownRegions = (
				en,
				Base,
			);
			mainGroup = BB2703142E0AF44B00A5F9A4;
			minimizedProjectReferenceProxies = 1;
			packageReferences = (
				BB2703C12E0C20A100A5F9A4 /* XCLocalSwiftPackageReference "Packages/Networking" */,
			);
			preferredProjectObjectVersion = 77;
			productRefGroup = BB27031E2E0AF44C00A5F9A4 /* Products */;
			projectDirPath = "";
			projectRoot = "";
			targets = (
				BB27031C2E0AF44C00A5F9A4 /* VideoFeedApp */,
				BB2703292E0AF44D00A5F9A4 /* VideoFeedAppTests */,
				BB2703332E0AF44D00A5F9A4 /* VideoFeedAppUITests */,
			);
		};
/* End PBXProject section */

/* Begin PBXResourcesBuildPhase section */
		BB27031B2E0AF44C00A5F9A4 /* Resources */ = {
			isa = PBXResourcesBuildPhase;
			buildActionMask = 2147483647;
			files = (
				BB2703A12E0AFCEF00A5F9A4 /* Assets.xcassets in Resources */,
				BBDDA7A32E0C9600001FB4E4 /* video_feed_mock.json in Resources */,
			);
			runOnlyForDeploymentPostprocessing = 0;
		};
		BB2703282E0AF44D00A5F9A4 /* Resources */ = {
			isa = PBXResourcesBuildPhase;
			buildActionMask = 2147483647;
			files = (
			);
			runOnlyForDeploymentPostprocessing = 0;
		};
		BB2703322E0AF44D00A5F9A4 /* Resources */ = {
			isa = PBXResourcesBuildPhase;
			buildActionMask = 2147483647;
			files = (
			);
			runOnlyForDeploymentPostprocessing = 0;
		};
/* End PBXResourcesBuildPhase section */

/* Begin PBXSourcesBuildPhase section */
		BB2703192E0AF44C00A5F9A4 /* Sources */ = {
			isa = PBXSourcesBuildPhase;
			buildActionMask = 2147483647;
			files = (
				BB2703B22E0C1C2400A5F9A4 /* DependencyContainer.swift in Sources */,
				BB2703AA2E0C1B1F00A5F9A4 /* VideoFeedCoordinator.swift in Sources */,
				BB2703AF2E0C1B8700A5F9A4 /* Navigating.swift in Sources */,
				BBDDA7E52E0DC2E7001FB4E4 /* VideoPlayerViewModel.swift in Sources */,
				BBDDA7E62E0DC2E7001FB4E4 /* VideoPlayerView.swift in Sources */,
				BBDDA7B22E0D4EC9001FB4E4 /* AppConstants.swift in Sources */,
				BB2703A22E0AFCEF00A5F9A4 /* VideoFeedAppApp.swift in Sources */,
				BB2703A82E0C1AE700A5F9A4 /* AppRootView.swift in Sources */,
				BBDDA7A72E0CA0FA001FB4E4 /* FetchVideoFeedUseCase.swift in Sources */,
				BB58B4862E0DF3750073530D /* ErrorViewModel.swift in Sources */,
				BB58B4882E0DFB380073530D /* VideoFeedActionView.swift in Sources */,
				BBDDA7AF2E0D4D63001FB4E4 /* CreatorDTO.swift in Sources */,
				BBDDA7AD2E0D4D4D001FB4E4 /* VideoDTO.swift in Sources */,
				BB2703AC2E0C1B4B00A5F9A4 /* VideoFeedViewModel.swift in Sources */,
				BB2703A32E0AFCEF00A5F9A4 /* VideoFeedView.swift in Sources */,
				BBDDA7A22E0C9D90001FB4E4 /* VideoFeedMockDataManager.swift in Sources */,
				BBDDA7A12E0C9500001FB4E4 /* VideoFeedAPIService.swift in Sources */,
				BB58B4842E0DF3600073530D /* ErrorView.swift in Sources */,
				BBDDA7A72E0C9700001FB4E4 /* APIConfiguration.swift in Sources */,
				BB58B48A2E0DFD310073530D /* VideoFeedAvatarView.swift in Sources */,
				BBDDA7AA2E0C9900001FB4E4 /* Video.swift in Sources */,
				BBDDA7AC2E0C9900001FB4E4 /* Creator.swift in Sources */,
			);
			runOnlyForDeploymentPostprocessing = 0;
		};
		BB2703262E0AF44D00A5F9A4 /* Sources */ = {
			isa = PBXSourcesBuildPhase;
			buildActionMask = 2147483647;
			files = (
				BBDDA7D42E0D80D4001FB4E4 /* MockVideoFeedAPIService.swift in Sources */,
				BBDDA7D52E0D80D4001FB4E4 /* VideoFeedViewModelTests.swift in Sources */,
				BBDDA7D92E0D80D4001FB4E4 /* VideoFeedMockDataManagerTests.swift in Sources */,
				BBDDA7DA2E0D80D4001FB4E4 /* VideoFeedAPIServiceTests.swift in Sources */,
				BBDDA7DC2E0D80D4001FB4E4 /* FetchVideoFeedUseCaseTests.swift in Sources */,
				BBDDA7E22E0D9C26001FB4E4 /* MockNavigator.swift in Sources */,
			);
			runOnlyForDeploymentPostprocessing = 0;
		};
		BB2703302E0AF44D00A5F9A4 /* Sources */ = {
			isa = PBXSourcesBuildPhase;
			buildActionMask = 2147483647;
			files = (
			);
			runOnlyForDeploymentPostprocessing = 0;
		};
/* End PBXSourcesBuildPhase section */

/* Begin PBXTargetDependency section */
		BB27032C2E0AF44D00A5F9A4 /* PBXTargetDependency */ = {
			isa = PBXTargetDependency;
			target = BB27031C2E0AF44C00A5F9A4 /* VideoFeedApp */;
			targetProxy = BB27032B2E0AF44D00A5F9A4 /* PBXContainerItemProxy */;
		};
		BB2703362E0AF44D00A5F9A4 /* PBXTargetDependency */ = {
			isa = PBXTargetDependency;
			target = BB27031C2E0AF44C00A5F9A4 /* VideoFeedApp */;
			targetProxy = BB2703352E0AF44D00A5F9A4 /* PBXContainerItemProxy */;
		};
/* End PBXTargetDependency section */

/* Begin XCBuildConfiguration section */
		BB27033C2E0AF44D00A5F9A4 /* Debug */ = {
			isa = XCBuildConfiguration;
			buildSettings = {
				ALWAYS_SEARCH_USER_PATHS = NO;
				ASSETCATALOG_COMPILER_GENERATE_SWIFT_ASSET_SYMBOL_EXTENSIONS = YES;
				CLANG_ANALYZER_NONNULL = YES;
				CLANG_ANALYZER_NUMBER_OBJECT_CONVERSION = YES_AGGRESSIVE;
				CLANG_CXX_LANGUAGE_STANDARD = "gnu++20";
				CLANG_ENABLE_MODULES = YES;
				CLANG_ENABLE_OBJC_ARC = YES;
				CLANG_ENABLE_OBJC_WEAK = YES;
				CLANG_WARN_BLOCK_CAPTURE_AUTORELEASING = YES;
				CLANG_WARN_BOOL_CONVERSION = YES;
				CLANG_WARN_COMMA = YES;
				CLANG_WARN_CONSTANT_CONVERSION = YES;
				CLANG_WARN_DEPRECATED_OBJC_IMPLEMENTATIONS = YES;
				CLANG_WARN_DIRECT_OBJC_ISA_USAGE = YES_ERROR;
				CLANG_WARN_DOCUMENTATION_COMMENTS = YES;
				CLANG_WARN_EMPTY_BODY = YES;
				CLANG_WARN_ENUM_CONVERSION = YES;
				CLANG_WARN_INFINITE_RECURSION = YES;
				CLANG_WARN_INT_CONVERSION = YES;
				CLANG_WARN_NON_LITERAL_NULL_CONVERSION = YES;
				CLANG_WARN_OBJC_IMPLICIT_RETAIN_SELF = YES;
				CLANG_WARN_OBJC_LITERAL_CONVERSION = YES;
				CLANG_WARN_OBJC_ROOT_CLASS = YES_ERROR;
				CLANG_WARN_QUOTED_INCLUDE_IN_FRAMEWORK_HEADER = YES;
				CLANG_WARN_RANGE_LOOP_ANALYSIS = YES;
				CLANG_WARN_STRICT_PROTOTYPES = YES;
				CLANG_WARN_SUSPICIOUS_MOVE = YES;
				CLANG_WARN_UNGUARDED_AVAILABILITY = YES_AGGRESSIVE;
				CLANG_WARN_UNREACHABLE_CODE = YES;
				CLANG_WARN__DUPLICATE_METHOD_MATCH = YES;
				COPY_PHASE_STRIP = NO;
				DEBUG_INFORMATION_FORMAT = dwarf;
				DEVELOPMENT_TEAM = 27YU34ECNS;
				ENABLE_STRICT_OBJC_MSGSEND = YES;
				ENABLE_TESTABILITY = YES;
				ENABLE_USER_SCRIPT_SANDBOXING = YES;
				GCC_C_LANGUAGE_STANDARD = gnu17;
				GCC_DYNAMIC_NO_PIC = NO;
				GCC_NO_COMMON_BLOCKS = YES;
				GCC_OPTIMIZATION_LEVEL = 0;
				GCC_PREPROCESSOR_DEFINITIONS = (
					"DEBUG=1",
					"$(inherited)",
				);
				GCC_WARN_64_TO_32_BIT_CONVERSION = YES;
				GCC_WARN_ABOUT_RETURN_TYPE = YES_ERROR;
				GCC_WARN_UNDECLARED_SELECTOR = YES;
				GCC_WARN_UNINITIALIZED_AUTOS = YES_AGGRESSIVE;
				GCC_WARN_UNUSED_FUNCTION = YES;
				GCC_WARN_UNUSED_VARIABLE = YES;
				IPHONEOS_DEPLOYMENT_TARGET = 18.5;
				LOCALIZATION_PREFERS_STRING_CATALOGS = YES;
				MTL_ENABLE_DEBUG_INFO = INCLUDE_SOURCE;
				MTL_FAST_MATH = YES;
				ONLY_ACTIVE_ARCH = YES;
				SDKROOT = iphoneos;
				SWIFT_ACTIVE_COMPILATION_CONDITIONS = "DEBUG $(inherited)";
				SWIFT_OPTIMIZATION_LEVEL = "-Onone";
			};
			name = Debug;
		};
		BB27033D2E0AF44D00A5F9A4 /* Release */ = {
			isa = XCBuildConfiguration;
			buildSettings = {
				ALWAYS_SEARCH_USER_PATHS = NO;
				ASSETCATALOG_COMPILER_GENERATE_SWIFT_ASSET_SYMBOL_EXTENSIONS = YES;
				CLANG_ANALYZER_NONNULL = YES;
				CLANG_ANALYZER_NUMBER_OBJECT_CONVERSION = YES_AGGRESSIVE;
				CLANG_CXX_LANGUAGE_STANDARD = "gnu++20";
				CLANG_ENABLE_MODULES = YES;
				CLANG_ENABLE_OBJC_ARC = YES;
				CLANG_ENABLE_OBJC_WEAK = YES;
				CLANG_WARN_BLOCK_CAPTURE_AUTORELEASING = YES;
				CLANG_WARN_BOOL_CONVERSION = YES;
				CLANG_WARN_COMMA = YES;
				CLANG_WARN_CONSTANT_CONVERSION = YES;
				CLANG_WARN_DEPRECATED_OBJC_IMPLEMENTATIONS = YES;
				CLANG_WARN_DIRECT_OBJC_ISA_USAGE = YES_ERROR;
				CLANG_WARN_DOCUMENTATION_COMMENTS = YES;
				CLANG_WARN_EMPTY_BODY = YES;
				CLANG_WARN_ENUM_CONVERSION = YES;
				CLANG_WARN_INFINITE_RECURSION = YES;
				CLANG_WARN_INT_CONVERSION = YES;
				CLANG_WARN_NON_LITERAL_NULL_CONVERSION = YES;
				CLANG_WARN_OBJC_IMPLICIT_RETAIN_SELF = YES;
				CLANG_WARN_OBJC_LITERAL_CONVERSION = YES;
				CLANG_WARN_OBJC_ROOT_CLASS = YES_ERROR;
				CLANG_WARN_QUOTED_INCLUDE_IN_FRAMEWORK_HEADER = YES;
				CLANG_WARN_RANGE_LOOP_ANALYSIS = YES;
				CLANG_WARN_STRICT_PROTOTYPES = YES;
				CLANG_WARN_SUSPICIOUS_MOVE = YES;
				CLANG_WARN_UNGUARDED_AVAILABILITY = YES_AGGRESSIVE;
				CLANG_WARN_UNREACHABLE_CODE = YES;
				CLANG_WARN__DUPLICATE_METHOD_MATCH = YES;
				COPY_PHASE_STRIP = NO;
				DEBUG_INFORMATION_FORMAT = "dwarf-with-dsym";
				DEVELOPMENT_TEAM = 27YU34ECNS;
				ENABLE_NS_ASSERTIONS = NO;
				ENABLE_STRICT_OBJC_MSGSEND = YES;
				ENABLE_USER_SCRIPT_SANDBOXING = YES;
				GCC_C_LANGUAGE_STANDARD = gnu17;
				GCC_NO_COMMON_BLOCKS = YES;
				GCC_WARN_64_TO_32_BIT_CONVERSION = YES;
				GCC_WARN_ABOUT_RETURN_TYPE = YES_ERROR;
				GCC_WARN_UNDECLARED_SELECTOR = YES;
				GCC_WARN_UNINITIALIZED_AUTOS = YES_AGGRESSIVE;
				GCC_WARN_UNUSED_FUNCTION = YES;
				GCC_WARN_UNUSED_VARIABLE = YES;
				IPHONEOS_DEPLOYMENT_TARGET = 18.5;
				LOCALIZATION_PREFERS_STRING_CATALOGS = YES;
				MTL_ENABLE_DEBUG_INFO = NO;
				MTL_FAST_MATH = YES;
				SDKROOT = iphoneos;
				SWIFT_COMPILATION_MODE = wholemodule;
				VALIDATE_PRODUCT = YES;
			};
			name = Release;
		};
		BB27033F2E0AF44D00A5F9A4 /* Debug */ = {
			isa = XCBuildConfiguration;
			buildSettings = {
				ASSETCATALOG_COMPILER_APPICON_NAME = AppIcon;
				ASSETCATALOG_COMPILER_GLOBAL_ACCENT_COLOR_NAME = AccentColor;
				CODE_SIGN_STYLE = Automatic;
				CURRENT_PROJECT_VERSION = 1;
				DEVELOPMENT_TEAM = 27YU34ECNS;
				ENABLE_PREVIEWS = YES;
				GENERATE_INFOPLIST_FILE = YES;
				INFOPLIST_KEY_UIApplicationSceneManifest_Generation = YES;
				INFOPLIST_KEY_UIApplicationSupportsIndirectInputEvents = YES;
				INFOPLIST_KEY_UILaunchScreen_Generation = YES;
				INFOPLIST_KEY_UISupportedInterfaceOrientations_iPad = "UIInterfaceOrientationPortrait UIInterfaceOrientationPortraitUpsideDown UIInterfaceOrientationLandscapeLeft UIInterfaceOrientationLandscapeRight";
				INFOPLIST_KEY_UISupportedInterfaceOrientations_iPhone = "UIInterfaceOrientationPortrait UIInterfaceOrientationLandscapeLeft UIInterfaceOrientationLandscapeRight";
				LD_RUNPATH_SEARCH_PATHS = (
					"$(inherited)",
					"@executable_path/Frameworks",
				);
				MARKETING_VERSION = 1.0;
				PRODUCT_BUNDLE_IDENTIFIER = fatmadagdevir.VideoFeedApp;
				PRODUCT_NAME = "$(TARGET_NAME)";
				SWIFT_EMIT_LOC_STRINGS = YES;
				SWIFT_VERSION = 5.0;
				TARGETED_DEVICE_FAMILY = "1,2";
			};
			name = Debug;
		};
		BB2703402E0AF44D00A5F9A4 /* Release */ = {
			isa = XCBuildConfiguration;
			buildSettings = {
				ASSETCATALOG_COMPILER_APPICON_NAME = AppIcon;
				ASSETCATALOG_COMPILER_GLOBAL_ACCENT_COLOR_NAME = AccentColor;
				CODE_SIGN_STYLE = Automatic;
				CURRENT_PROJECT_VERSION = 1;
				DEVELOPMENT_TEAM = 27YU34ECNS;
				ENABLE_PREVIEWS = YES;
				GENERATE_INFOPLIST_FILE = YES;
				INFOPLIST_KEY_UIApplicationSceneManifest_Generation = YES;
				INFOPLIST_KEY_UIApplicationSupportsIndirectInputEvents = YES;
				INFOPLIST_KEY_UILaunchScreen_Generation = YES;
				INFOPLIST_KEY_UISupportedInterfaceOrientations_iPad = "UIInterfaceOrientationPortrait UIInterfaceOrientationPortraitUpsideDown UIInterfaceOrientationLandscapeLeft UIInterfaceOrientationLandscapeRight";
				INFOPLIST_KEY_UISupportedInterfaceOrientations_iPhone = "UIInterfaceOrientationPortrait UIInterfaceOrientationLandscapeLeft UIInterfaceOrientationLandscapeRight";
				LD_RUNPATH_SEARCH_PATHS = (
					"$(inherited)",
					"@executable_path/Frameworks",
				);
				MARKETING_VERSION = 1.0;
				PRODUCT_BUNDLE_IDENTIFIER = fatmadagdevir.VideoFeedApp;
				PRODUCT_NAME = "$(TARGET_NAME)";
				SWIFT_EMIT_LOC_STRINGS = YES;
				SWIFT_VERSION = 5.0;
				TARGETED_DEVICE_FAMILY = "1,2";
			};
			name = Release;
		};
		BB2703422E0AF44D00A5F9A4 /* Debug */ = {
			isa = XCBuildConfiguration;
			buildSettings = {
				BUNDLE_LOADER = "$(TEST_HOST)";
				CODE_SIGN_STYLE = Automatic;
				CURRENT_PROJECT_VERSION = 1;
				DEVELOPMENT_TEAM = 27YU34ECNS;
				GENERATE_INFOPLIST_FILE = YES;
				IPHONEOS_DEPLOYMENT_TARGET = 18.5;
				MARKETING_VERSION = 1.0;
				PRODUCT_BUNDLE_IDENTIFIER = fatmadagdevir.VideoFeedAppTests;
				PRODUCT_NAME = "$(TARGET_NAME)";
				SWIFT_EMIT_LOC_STRINGS = NO;
				SWIFT_VERSION = 5.0;
				TARGETED_DEVICE_FAMILY = "1,2";
				TEST_HOST = "$(BUILT_PRODUCTS_DIR)/VideoFeedApp.app/$(BUNDLE_EXECUTABLE_FOLDER_PATH)/VideoFeedApp";
			};
			name = Debug;
		};
		BB2703432E0AF44D00A5F9A4 /* Release */ = {
			isa = XCBuildConfiguration;
			buildSettings = {
				BUNDLE_LOADER = "$(TEST_HOST)";
				CODE_SIGN_STYLE = Automatic;
				CURRENT_PROJECT_VERSION = 1;
				DEVELOPMENT_TEAM = 27YU34ECNS;
				GENERATE_INFOPLIST_FILE = YES;
				IPHONEOS_DEPLOYMENT_TARGET = 18.5;
				MARKETING_VERSION = 1.0;
				PRODUCT_BUNDLE_IDENTIFIER = fatmadagdevir.VideoFeedAppTests;
				PRODUCT_NAME = "$(TARGET_NAME)";
				SWIFT_EMIT_LOC_STRINGS = NO;
				SWIFT_VERSION = 5.0;
				TARGETED_DEVICE_FAMILY = "1,2";
				TEST_HOST = "$(BUILT_PRODUCTS_DIR)/VideoFeedApp.app/$(BUNDLE_EXECUTABLE_FOLDER_PATH)/VideoFeedApp";
			};
			name = Release;
		};
		BB2703452E0AF44D00A5F9A4 /* Debug */ = {
			isa = XCBuildConfiguration;
			buildSettings = {
				CODE_SIGN_STYLE = Automatic;
				CURRENT_PROJECT_VERSION = 1;
				DEVELOPMENT_TEAM = 27YU34ECNS;
				GENERATE_INFOPLIST_FILE = YES;
				MARKETING_VERSION = 1.0;
				PRODUCT_BUNDLE_IDENTIFIER = fatmadagdevir.VideoFeedAppUITests;
				PRODUCT_NAME = "$(TARGET_NAME)";
				SWIFT_EMIT_LOC_STRINGS = NO;
				SWIFT_VERSION = 5.0;
				TARGETED_DEVICE_FAMILY = "1,2";
				TEST_TARGET_NAME = VideoFeedApp;
			};
			name = Debug;
		};
		BB2703462E0AF44D00A5F9A4 /* Release */ = {
			isa = XCBuildConfiguration;
			buildSettings = {
				CODE_SIGN_STYLE = Automatic;
				CURRENT_PROJECT_VERSION = 1;
				DEVELOPMENT_TEAM = 27YU34ECNS;
				GENERATE_INFOPLIST_FILE = YES;
				MARKETING_VERSION = 1.0;
				PRODUCT_BUNDLE_IDENTIFIER = fatmadagdevir.VideoFeedAppUITests;
				PRODUCT_NAME = "$(TARGET_NAME)";
				SWIFT_EMIT_LOC_STRINGS = NO;
				SWIFT_VERSION = 5.0;
				TARGETED_DEVICE_FAMILY = "1,2";
				TEST_TARGET_NAME = VideoFeedApp;
			};
			name = Release;
		};
/* End XCBuildConfiguration section */

/* Begin XCConfigurationList section */
		BB2703182E0AF44B00A5F9A4 /* Build configuration list for PBXProject "VideoFeedApp" */ = {
			isa = XCConfigurationList;
			buildConfigurations = (
				BB27033C2E0AF44D00A5F9A4 /* Debug */,
				BB27033D2E0AF44D00A5F9A4 /* Release */,
			);
			defaultConfigurationIsVisible = 0;
			defaultConfigurationName = Release;
		};
		BB27033E2E0AF44D00A5F9A4 /* Build configuration list for PBXNativeTarget "VideoFeedApp" */ = {
			isa = XCConfigurationList;
			buildConfigurations = (
				BB27033F2E0AF44D00A5F9A4 /* Debug */,
				BB2703402E0AF44D00A5F9A4 /* Release */,
			);
			defaultConfigurationIsVisible = 0;
			defaultConfigurationName = Release;
		};
		BB2703412E0AF44D00A5F9A4 /* Build configuration list for PBXNativeTarget "VideoFeedAppTests" */ = {
			isa = XCConfigurationList;
			buildConfigurations = (
				BB2703422E0AF44D00A5F9A4 /* Debug */,
				BB2703432E0AF44D00A5F9A4 /* Release */,
			);
			defaultConfigurationIsVisible = 0;
			defaultConfigurationName = Release;
		};
		BB2703442E0AF44D00A5F9A4 /* Build configuration list for PBXNativeTarget "VideoFeedAppUITests" */ = {
			isa = XCConfigurationList;
			buildConfigurations = (
				BB2703452E0AF44D00A5F9A4 /* Debug */,
				BB2703462E0AF44D00A5F9A4 /* Release */,
			);
			defaultConfigurationIsVisible = 0;
			defaultConfigurationName = Release;
		};
/* End XCConfigurationList section */

/* Begin XCLocalSwiftPackageReference section */
		BB2703C12E0C20A100A5F9A4 /* XCLocalSwiftPackageReference "Packages/Networking" */ = {
			isa = XCLocalSwiftPackageReference;
			relativePath = Packages/Networking;
		};
/* End XCLocalSwiftPackageReference section */

/* Begin XCSwiftPackageProductDependency section */
		BB2703C22E0C20A100A5F9A4 /* Networking */ = {
			isa = XCSwiftPackageProductDependency;
			package = BB2703C12E0C20A100A5F9A4 /* XCLocalSwiftPackageReference "Packages/Networking" */;
			productName = Networking;
		};
		BB2703C32E0C20A100A5F9A4 /* Networking */ = {
			isa = XCSwiftPackageProductDependency;
			package = BB2703C12E0C20A100A5F9A4 /* XCLocalSwiftPackageReference "Packages/Networking" */;
			productName = Networking;
		};
/* End XCSwiftPackageProductDependency section */
	};
	rootObject = BB2703152E0AF44B00A5F9A4 /* Project object */;
}
